
Microsoft Visual Studio Solution File, Format Version 12.00
# Visual Studio Version 17
VisualStudioVersion = 17.4.33122.133
MinimumVisualStudioVersion = 10.0.40219.1
Project("{FAE04EC0-301F-11D3-BF4B-00C04F79EFBC}") = "Task 1", "Task 1\Task 1.csproj", "{4ECF82B4-7485-41C3-B48C-F5407D37EFEA}"
EndProject
Global
	GlobalSection(SolutionConfigurationPlatforms) = preSolution
		Debug|Any CPU = Debug|Any CPU
		Release|Any CPU = Release|Any CPU
	EndGlobalSection
	GlobalSection(ProjectConfigurationPlatforms) = postSolution
		{4ECF82B4-7485-41C3-B48C-F5407D37EFEA}.Debug|Any CPU.ActiveCfg = Debug|Any CPU
		{4ECF82B4-7485-41C3-B48C-F5407D37EFEA}.Debug|Any CPU.Build.0 = Debug|Any CPU
		{4ECF82B4-7485-41C3-B48C-F5407D37EFEA}.Release|Any CPU.ActiveCfg = Release|Any CPU
		{4ECF82B4-7485-41C3-B48C-F5407D37EFEA}.Release|Any CPU.Build.0 = Release|Any CPU
	EndGlobalSection
	GlobalSection(SolutionProperties) = preSolution
		HideSolutionNode = FALSE
	EndGlobalSection
	GlobalSection(ExtensibilityGlobals) = postSolution
		SolutionGuid = {6EB45F4C-D190-49C5-9004-A9B2457904D6}
	EndGlobalSection
EndGlobal
